<?xml version="1.0" encoding="utf-8"?>
<Project ToolsVersion="4.0" xmlns="http://schemas.microsoft.com/developer/msbuild/2003">
  <ItemGroup>
    <Filter Include="소스 파일">
      <UniqueIdentifier>{4FC737F1-C7A5-4376-A066-2A32D752A2FF}</UniqueIdentifier>
      <Extensions>cpp;c;cc;cxx;c++;cppm;ixx;def;odl;idl;hpj;bat;asm;asmx</Extensions>
    </Filter>
    <Filter Include="헤더 파일">
      <UniqueIdentifier>{93995380-89BD-4b04-88EB-625FBE52EBFB}</UniqueIdentifier>
      <Extensions>h;hh;hpp;hxx;h++;hm;inl;inc;ipp;xsd</Extensions>
    </Filter>
    <Filter Include="리소스 파일">
      <UniqueIdentifier>{67DA6AB6-F800-4c08-8B7A-83BB121AAD01}</UniqueIdentifier>
      <Extensions>rc;ico;cur;bmp;dlg;rc2;rct;bin;rgs;gif;jpg;jpeg;jpe;resx;tiff;tif;png;wav;mfcribbon-ms</Extensions>
    </Filter>
    <Filter Include="소스 파일\Game">
      <UniqueIdentifier>{811c1058-5792-4c7c-9556-c0f709ddb264}</UniqueIdentifier>
    </Filter>
    <Filter Include="헤더 파일\Game">
      <UniqueIdentifier>{12e0e6ce-9bb5-4575-a19f-1bcce71bdd48}</UniqueIdentifier>
    </Filter>
    <Filter Include="소스 파일\TicTacToe">
      <UniqueIdentifier>{19f66098-5215-44bc-9fab-853aa82081f4}</UniqueIdentifier>
    </Filter>
    <Filter Include="소스 파일\SingleLinkedList">
      <UniqueIdentifier>{0b4e01a3-7c6e-4d03-a7bd-c7a60dd7eeb4}</UniqueIdentifier>
    </Filter>
    <Filter Include="헤더 파일\SingleLinkedList">
      <UniqueIdentifier>{d076fe78-539f-4078-bb8d-097daf57015e}</UniqueIdentifier>
    </Filter>
    <Filter Include="헤더 파일\DoubleLinkedList">
      <UniqueIdentifier>{72930965-b219-4035-a704-81c7ac5d4a77}</UniqueIdentifier>
    </Filter>
    <Filter Include="소스 파일\Dynamic">
      <UniqueIdentifier>{3d843d3a-ad5a-4d72-bfed-7554de29d30d}</UniqueIdentifier>
    </Filter>
    <Filter Include="소스 파일\DoubleLinkedList">
      <UniqueIdentifier>{3f2b0cf0-e3e0-4e03-adb0-9f66866fcb2e}</UniqueIdentifier>
    </Filter>
    <Filter Include="헤더 파일\CircularLinkedList">
      <UniqueIdentifier>{f7c204da-0677-446a-a1f3-fe1f9ec986ea}</UniqueIdentifier>
    </Filter>
    <Filter Include="소스 파일\CircularLinkedList">
      <UniqueIdentifier>{e7c71260-cc97-4f0b-9c27-7d4c488785e6}</UniqueIdentifier>
    </Filter>
    <Filter Include="소스 파일\Recursive">
      <UniqueIdentifier>{8007cfea-fb3c-43ef-af62-f2fb98684371}</UniqueIdentifier>
    </Filter>
    <Filter Include="소스 파일\Challenge">
      <UniqueIdentifier>{188f9fd5-3ae4-4fc3-9e1c-b79f588a7574}</UniqueIdentifier>
    </Filter>
  </ItemGroup>
  <ItemGroup>
    <ClInclude Include="Scores.h">
      <Filter>헤더 파일\Game</Filter>
    </ClInclude>
    <ClInclude Include="RuntimeException.h">
      <Filter>헤더 파일\Game</Filter>
    </ClInclude>
    <ClInclude Include="GameEntry.h">
      <Filter>헤더 파일\Game</Filter>
    </ClInclude>
    <ClInclude Include="StringLinekdList.h">
      <Filter>헤더 파일\SingleLinkedList</Filter>
    </ClInclude>
    <ClInclude Include="GeneralLinkedList.h">
      <Filter>헤더 파일\SingleLinkedList</Filter>
    </ClInclude>
    <ClInclude Include="TicTacToe.h">
      <Filter>헤더 파일\Game</Filter>
    </ClInclude>
    <ClInclude Include="DLinkedList.h">
      <Filter>헤더 파일\DoubleLinkedList</Filter>
    </ClInclude>
    <ClInclude Include="CircularLinkedList.h">
      <Filter>헤더 파일\CircularLinkedList</Filter>
    </ClInclude>
  </ItemGroup>
  <ItemGroup>
    <ClCompile Include="GameEntry.cpp">
      <Filter>소스 파일\Game</Filter>
    </ClCompile>
    <ClCompile Include="Scores.cpp">
      <Filter>소스 파일\Game</Filter>
    </ClCompile>
    <ClCompile Include="insertionSort.cpp">
      <Filter>소스 파일\Game</Filter>
    </ClCompile>
    <ClCompile Include="TicTacToe.cpp">
      <Filter>소스 파일\TicTacToe</Filter>
    </ClCompile>
    <ClCompile Include="Runner.cpp">
      <Filter>소스 파일</Filter>
    </ClCompile>
    <ClCompile Include="dynamicAlloc.cpp">
      <Filter>소스 파일\Dynamic</Filter>
    </ClCompile>
    <ClCompile Include="DLinkedList.cpp">
      <Filter>소스 파일\DoubleLinkedList</Filter>
    </ClCompile>
    <ClCompile Include="CircularLinkedList.cpp">
      <Filter>소스 파일\CircularLinkedList</Filter>
    </ClCompile>
    <ClCompile Include="drawRuler.cpp">
      <Filter>소스 파일\Recursive</Filter>
    </ClCompile>
    <ClCompile Include="LinearSum.cpp">
      <Filter>소스 파일\Recursive</Filter>
    </ClCompile>
    <ClCompile Include="ReverseArray.cpp">
      <Filter>소스 파일\Recursive</Filter>
    </ClCompile>
    <ClCompile Include="IterativeReverseArray.cpp">
      <Filter>소스 파일\Recursive</Filter>
    </ClCompile>
    <ClCompile Include="BinaryFib.cpp">
      <Filter>소스 파일\Recursive</Filter>
    </ClCompile>
    <ClCompile Include="LinearFib.cpp">
      <Filter>소스 파일\Recursive</Filter>
    </ClCompile>
    <ClCompile Include="StringLinkedList.cpp">
      <Filter>소스 파일\SingleLinkedList</Filter>
    </ClCompile>
    <ClCompile Include="R-3.3.cpp">
      <Filter>소스 파일\Challenge</Filter>
    </ClCompile>
    <ClCompile Include="R-3.4.cpp">
      <Filter>소스 파일\Challenge</Filter>
    </ClCompile>
  </ItemGroup>
</Project>