<?xml version="1.0" encoding="utf-8"?>
<Project ToolsVersion="4.0" xmlns="http://schemas.microsoft.com/developer/msbuild/2003">
  <ItemGroup>
    <Filter Include="소스 파일">
      <UniqueIdentifier>{4FC737F1-C7A5-4376-A066-2A32D752A2FF}</UniqueIdentifier>
      <Extensions>cpp;c;cc;cxx;c++;cppm;ixx;def;odl;idl;hpj;bat;asm;asmx</Extensions>
    </Filter>
    <Filter Include="헤더 파일">
      <UniqueIdentifier>{93995380-89BD-4b04-88EB-625FBE52EBFB}</UniqueIdentifier>
      <Extensions>h;hh;hpp;hxx;h++;hm;inl;inc;ipp;xsd</Extensions>
    </Filter>
    <Filter Include="리소스 파일">
      <UniqueIdentifier>{67DA6AB6-F800-4c08-8B7A-83BB121AAD01}</UniqueIdentifier>
      <Extensions>rc;ico;cur;bmp;dlg;rc2;rct;bin;rgs;gif;jpg;jpeg;jpe;resx;tiff;tif;png;wav;mfcribbon-ms</Extensions>
    </Filter>
    <Filter Include="소스 파일\progression">
      <UniqueIdentifier>{138bc192-9cfd-4465-a25d-7e4e7cf8ab91}</UniqueIdentifier>
    </Filter>
    <Filter Include="소스 파일\template">
      <UniqueIdentifier>{a1d2550a-4b46-4ebe-882d-852a7b6150ee}</UniqueIdentifier>
    </Filter>
    <Filter Include="소스 파일\Exception">
      <UniqueIdentifier>{c01dca7b-e3bc-4460-ba2a-3d6ee1ca51da}</UniqueIdentifier>
    </Filter>
    <Filter Include="소스 파일\School">
      <UniqueIdentifier>{ce5cefe9-a0ca-4996-a062-8215923c7d05}</UniqueIdentifier>
    </Filter>
    <Filter Include="헤더 파일\School">
      <UniqueIdentifier>{4825ca50-45c2-48ff-89cc-5a31a5871fed}</UniqueIdentifier>
    </Filter>
    <Filter Include="헤더 파일\Progression">
      <UniqueIdentifier>{400fcc91-424d-4ecb-9df0-8e16dca6548e}</UniqueIdentifier>
    </Filter>
  </ItemGroup>
  <ItemGroup>
    <ClCompile Include="Progression.cpp">
      <Filter>소스 파일\progression</Filter>
    </ClCompile>
    <ClCompile Include="ArithProgression.cpp">
      <Filter>소스 파일\progression</Filter>
    </ClCompile>
    <ClCompile Include="GeomProgression.cpp">
      <Filter>소스 파일\progression</Filter>
    </ClCompile>
    <ClCompile Include="FibonacciProgression.cpp">
      <Filter>소스 파일\progression</Filter>
    </ClCompile>
    <ClCompile Include="progTest.cpp">
      <Filter>소스 파일\progression</Filter>
    </ClCompile>
    <ClCompile Include="BasicVector.cpp">
      <Filter>소스 파일\template</Filter>
    </ClCompile>
    <ClCompile Include="MathException.cpp">
      <Filter>소스 파일\Exception</Filter>
    </ClCompile>
    <ClCompile Include="Runner.cpp">
      <Filter>소스 파일</Filter>
    </ClCompile>
    <ClCompile Include="Student.cpp">
      <Filter>소스 파일\School</Filter>
    </ClCompile>
    <ClCompile Include="Person.cpp">
      <Filter>소스 파일\School</Filter>
    </ClCompile>
    <ClCompile Include="DynamicBinding.cpp">
      <Filter>소스 파일\School</Filter>
    </ClCompile>
    <ClCompile Include="DynamicCasting.cpp">
      <Filter>소스 파일\School</Filter>
    </ClCompile>
  </ItemGroup>
  <ItemGroup>
    <ClInclude Include="Progression.h">
      <Filter>헤더 파일\Progression</Filter>
    </ClInclude>
    <ClInclude Include="ArithProgression.h">
      <Filter>헤더 파일\Progression</Filter>
    </ClInclude>
    <ClInclude Include="FibonacciProgression.h">
      <Filter>헤더 파일\Progression</Filter>
    </ClInclude>
    <ClInclude Include="GeomProgression.h">
      <Filter>헤더 파일\Progression</Filter>
    </ClInclude>
    <ClInclude Include="Person.h">
      <Filter>헤더 파일\School</Filter>
    </ClInclude>
    <ClInclude Include="Student.h">
      <Filter>헤더 파일</Filter>
    </ClInclude>
  </ItemGroup>
</Project>